{
	"name": "app",
	"version": "1.0.0",
	"lockfileVersion": 1,
	"requires": true,
	"dependencies": {
		"@device.farm/si-application-events": {
			"version": "1.0.0",
			"resolved": "https://registry.npmjs.org/@device.farm/si-application-events/-/si-application-events-1.0.0.tgz",
			"integrity": "sha512-K4ZsXKwpQSef5eTWTsOo/ikWmr4Bjx7wN68+aESRxXPggEgDpIcvMIZlNDqqtm6+CbWGliTbKt6r6jz61mszsw=="
		},
		"@device.farm/si-generic-timer": {
			"version": "1.0.1",
			"resolved": "https://registry.npmjs.org/@device.farm/si-generic-timer/-/si-generic-timer-1.0.1.tgz",
			"integrity": "sha512-rXB1L37/P04OVaRD5TH5dDNIKOP3K/mO2KGrrOlq33sFirJMwQuozAXVrJg0TMKr51a3K7m3SJdLpnrG6NHmMQ==",
			"requires": {
				"@device.farm/si-application-events": "1.0.0"
			}
		},
		"@device.farm/si-stm32-timer": {
			"version": "1.0.3",
			"resolved": "https://registry.npmjs.org/@device.farm/si-stm32-timer/-/si-stm32-timer-1.0.3.tgz",
			"integrity": "sha512-XskFx2xR78IE+KX1Wjfri0u11ruraJQOkBfy3fFEOIiukQu1V0Yq7UpoNkocmnITa46DkmzFQ8fQNESzWvygDw==",
			"requires": {
				"@device.farm/si-generic-timer": "1.0.1"
			}
		},
		"@device.farm/si-stm32f0x2": {
			"version": "1.0.0",
			"resolved": "https://registry.npmjs.org/@device.farm/si-stm32f0x2/-/si-stm32f0x2-1.0.0.tgz",
			"integrity": "sha512-vSTXRguQ4zCzAddIb+Mf7HFncdH5TH9tdKQa4BWQK8zBRoMy6t/SOImiaY781FPlsuxIluHZnUzqy2nolBrwJg=="
		}
	}
}
