{
	"name": "app",
	"version": "1.0.0",
	"lockfileVersion": 1,
	"requires": true,
	"dependencies": {
		"@device.farm/si-application-events": {
			"version": "1.0.0",
			"resolved": "https://registry.npmjs.org/@device.farm/si-application-events/-/si-application-events-1.0.0.tgz",
			"integrity": "sha512-K4ZsXKwpQSef5eTWTsOo/ikWmr4Bjx7wN68+aESRxXPggEgDpIcvMIZlNDqqtm6+CbWGliTbKt6r6jz61mszsw=="
		},
		"@device.farm/si-atsamd11c14a": {
			"version": "1.0.2",
			"resolved": "https://registry.npmjs.org/@device.farm/si-atsamd11c14a/-/si-atsamd11c14a-1.0.2.tgz",
			"integrity": "sha512-vszhfivvD4dGpv3ixkZPNlNfT1vXcs5zYYV8F2rlneekhSbcoRKmhv/K0nqC6sJcIStIxkIWHtSVsIq39A9L+w=="
		},
		"@device.farm/si-generic-timer": {
			"version": "1.0.1",
			"resolved": "https://registry.npmjs.org/@device.farm/si-generic-timer/-/si-generic-timer-1.0.1.tgz",
			"integrity": "sha512-rXB1L37/P04OVaRD5TH5dDNIKOP3K/mO2KGrrOlq33sFirJMwQuozAXVrJg0TMKr51a3K7m3SJdLpnrG6NHmMQ==",
			"requires": {
				"@device.farm/si-application-events": "1.0.0"
			}
		},
		"@device.farm/si-systick-timer": {
			"version": "1.0.0",
			"resolved": "https://registry.npmjs.org/@device.farm/si-systick-timer/-/si-systick-timer-1.0.0.tgz",
			"integrity": "sha512-0wbpSac/8YCJfwcsbu/4JzcWYiT9Jn+3wmaiXDRF6FgXzwDlC3yWLVQKwIewEVWVT5V8z4XhXPa+gUcv3YglCg==",
			"requires": {
				"@device.farm/si-generic-timer": "1.0.1"
			}
		}
	}
}
